// !$*UTF8*$!
{
	archiveVersion = 1;
	classes = {
	};
	objectVersion = 46;
	objects = {

/* Begin PBXBuildFile section */
		00E9B68A1CD1272500F2DE6C /* AppDelegate.swift in Sources */ = {isa = PBXBuildFile; fileRef = 00E9B6891CD1272500F2DE6C /* AppDelegate.swift */; };
		00E9B68C1CD1272500F2DE6C /* ViewController.swift in Sources */ = {isa = PBXBuildFile; fileRef = 00E9B68B1CD1272500F2DE6C /* ViewController.swift */; };
		00E9B68F1CD1272500F2DE6C /* Main.storyboard in Resources */ = {isa = PBXBuildFile; fileRef = 00E9B68D1CD1272500F2DE6C /* Main.storyboard */; };
		00E9B6911CD1272500F2DE6C /* Assets.xcassets in Resources */ = {isa = PBXBuildFile; fileRef = 00E9B6901CD1272500F2DE6C /* Assets.xcassets */; };
		00E9B6941CD1272500F2DE6C /* LaunchScreen.storyboard in Resources */ = {isa = PBXBuildFile; fileRef = 00E9B6921CD1272500F2DE6C /* LaunchScreen.storyboard */; };
		00E9B69F1CD1272500F2DE6C /* Silly_SongTests.swift in Sources */ = {isa = PBXBuildFile; fileRef = 00E9B69E1CD1272500F2DE6C /* Silly_SongTests.swift */; };
		00E9B6AA1CD1272500F2DE6C /* Silly_SongUITests.swift in Sources */ = {isa = PBXBuildFile; fileRef = 00E9B6A91CD1272500F2DE6C /* Silly_SongUITests.swift */; };
/* End PBXBuildFile section */

/* Begin PBXContainerItemProxy section */
		00E9B69B1CD1272500F2DE6C /* PBXContainerItemProxy */ = {
			isa = PBXContainerItemProxy;
			containerPortal = 00E9B67E1CD1272500F2DE6C /* Project object */;
			proxyType = 1;
			remoteGlobalIDString = 00E9B6851CD1272500F2DE6C;
			remoteInfo = "Silly Song";
		};
		00E9B6A61CD1272500F2DE6C /* PBXContainerItemProxy */ = {
			isa = PBXContainerItemProxy;
			containerPortal = 00E9B67E1CD1272500F2DE6C /* Project object */;
			proxyType = 1;
			remoteGlobalIDString = 00E9B6851CD1272500F2DE6C;
			remoteInfo = "Silly Song";
		};
/* End PBXContainerItemProxy section */

/* Begin PBXFileReference section */
		00E9B6861CD1272500F2DE6C /* Silly Song.app */ = {isa = PBXFileReference; explicitFileType = wrapper.application; includeInIndex = 0; path = "Silly Song.app"; sourceTree = BUILT_PRODUCTS_DIR; };
		00E9B6891CD1272500F2DE6C /* AppDelegate.swift */ = {isa = PBXFileReference; lastKnownFileType = sourcecode.swift; path = AppDelegate.swift; sourceTree = "<group>"; };
		00E9B68B1CD1272500F2DE6C /* ViewController.swift */ = {isa = PBXFileReference; lastKnownFileType = sourcecode.swift; path = ViewController.swift; sourceTree = "<group>"; };
		00E9B68E1CD1272500F2DE6C /* Base */ = {isa = PBXFileReference; lastKnownFileType = file.storyboard; name = Base; path = Base.lproj/Main.storyboard; sourceTree = "<group>"; };
		00E9B6901CD1272500F2DE6C /* Assets.xcassets */ = {isa = PBXFileReference; lastKnownFileType = folder.assetcatalog; path = Assets.xcassets; sourceTree = "<group>"; };
		00E9B6931CD1272500F2DE6C /* Base */ = {isa = PBXFileReference; lastKnownFileType = file.storyboard; name = Base; path = Base.lproj/LaunchScreen.storyboard; sourceTree = "<group>"; };
		00E9B6951CD1272500F2DE6C /* Info.plist */ = {isa = PBXFileReference; lastKnownFileType = text.plist.xml; path = Info.plist; sourceTree = "<group>"; };
		00E9B69A1CD1272500F2DE6C /* Silly SongTests.xctest */ = {isa = PBXFileReference; explicitFileType = wrapper.cfbundle; includeInIndex = 0; path = "Silly SongTests.xctest"; sourceTree = BUILT_PRODUCTS_DIR; };
		00E9B69E1CD1272500F2DE6C /* Silly_SongTests.swift */ = {isa = PBXFileReference; lastKnownFileType = sourcecode.swift; path = Silly_SongTests.swift; sourceTree = "<group>"; };
		00E9B6A01CD1272500F2DE6C /* Info.plist */ = {isa = PBXFileReference; lastKnownFileType = text.plist.xml; path = Info.plist; sourceTree = "<group>"; };
		00E9B6A51CD1272500F2DE6C /* Silly SongUITests.xctest */ = {isa = PBXFileReference; explicitFileType = wrapper.cfbundle; includeInIndex = 0; path = "Silly SongUITests.xctest"; sourceTree = BUILT_PRODUCTS_DIR; };
		00E9B6A91CD1272500F2DE6C /* Silly_SongUITests.swift */ = {isa = PBXFileReference; lastKnownFileType = sourcecode.swift; path = Silly_SongUITests.swift; sourceTree = "<group>"; };
		00E9B6AB1CD1272500F2DE6C /* Info.plist */ = {isa = PBXFileReference; lastKnownFileType = text.plist.xml; path = Info.plist; sourceTree = "<group>"; };
/* End PBXFileReference section */

/* Begin PBXFrameworksBuildPhase section */
		00E9B6831CD1272500F2DE6C /* Frameworks */ = {
			isa = PBXFrameworksBuildPhase;
			buildActionMask = 2147483647;
			files = (
			);
			runOnlyForDeploymentPostprocessing = 0;
		};
		00E9B6971CD1272500F2DE6C /* Frameworks */ = {
			isa = PBXFrameworksBuildPhase;
			buildActionMask = 2147483647;
			files = (
			);
			runOnlyForDeploymentPostprocessing = 0;
		};
		00E9B6A21CD1272500F2DE6C /* Frameworks */ = {
			isa = PBXFrameworksBuildPhase;
			buildActionMask = 2147483647;
			files = (
			);
			runOnlyForDeploymentPostprocessing = 0;
		};
/* End PBXFrameworksBuildPhase section */

/* Begin PBXGroup section */
		00E9B67D1CD1272500F2DE6C = {
			isa = PBXGroup;
			children = (
				00E9B6881CD1272500F2DE6C /* Silly Song */,
				00E9B69D1CD1272500F2DE6C /* Silly SongTests */,
				00E9B6A81CD1272500F2DE6C /* Silly SongUITests */,
				00E9B6871CD1272500F2DE6C /* Products */,
			);
			sourceTree = "<group>";
		};
		00E9B6871CD1272500F2DE6C /* Products */ = {
			isa = PBXGroup;
			children = (
				00E9B6861CD1272500F2DE6C /* Silly Song.app */,
				00E9B69A1CD1272500F2DE6C /* Silly SongTests.xctest */,
				00E9B6A51CD1272500F2DE6C /* Silly SongUITests.xctest */,
			);
			name = Products;
			sourceTree = "<group>";
		};
		00E9B6881CD1272500F2DE6C /* Silly Song */ = {
			isa = PBXGroup;
			children = (
				00E9B6891CD1272500F2DE6C /* AppDelegate.swift */,
				00E9B68B1CD1272500F2DE6C /* ViewController.swift */,
				00E9B68D1CD1272500F2DE6C /* Main.storyboard */,
				00E9B6901CD1272500F2DE6C /* Assets.xcassets */,
				00E9B6921CD1272500F2DE6C /* LaunchScreen.storyboard */,
				00E9B6951CD1272500F2DE6C /* Info.plist */,
			);
			path = "Silly Song";
			sourceTree = "<group>";
		};
		00E9B69D1CD1272500F2DE6C /* Silly SongTests */ = {
			isa = PBXGroup;
			children = (
				00E9B69E1CD1272500F2DE6C /* Silly_SongTests.swift */,
				00E9B6A01CD1272500F2DE6C /* Info.plist */,
			);
			path = "Silly SongTests";
			sourceTree = "<group>";
		};
		00E9B6A81CD1272500F2DE6C /* Silly SongUITests */ = {
			isa = PBXGroup;
			children = (
				00E9B6A91CD1272500F2DE6C /* Silly_SongUITests.swift */,
				00E9B6AB1CD1272500F2DE6C /* Info.plist */,
			);
			path = "Silly SongUITests";
			sourceTree = "<group>";
		};
/* End PBXGroup section */

/* Begin PBXNativeTarget section */
		00E9B6851CD1272500F2DE6C /* Silly Song */ = {
			isa = PBXNativeTarget;
			buildConfigurationList = 00E9B6AE1CD1272500F2DE6C /* Build configuration list for PBXNativeTarget "Silly Song" */;
			buildPhases = (
				00E9B6821CD1272500F2DE6C /* Sources */,
				00E9B6831CD1272500F2DE6C /* Frameworks */,
				00E9B6841CD1272500F2DE6C /* Resources */,
			);
			buildRules = (
			);
			dependencies = (
			);
			name = "Silly Song";
			productName = "Silly Song";
			productReference = 00E9B6861CD1272500F2DE6C /* Silly Song.app */;
			productType = "com.apple.product-type.application";
		};
		00E9B6991CD1272500F2DE6C /* Silly SongTests */ = {
			isa = PBXNativeTarget;
			buildConfigurationList = 00E9B6B11CD1272500F2DE6C /* Build configuration list for PBXNativeTarget "Silly SongTests" */;
			buildPhases = (
				00E9B6961CD1272500F2DE6C /* Sources */,
				00E9B6971CD1272500F2DE6C /* Frameworks */,
				00E9B6981CD1272500F2DE6C /* Resources */,
			);
			buildRules = (
			);
			dependencies = (
				00E9B69C1CD1272500F2DE6C /* PBXTargetDependency */,
			);
			name = "Silly SongTests";
			productName = "Silly SongTests";
			productReference = 00E9B69A1CD1272500F2DE6C /* Silly SongTests.xctest */;
			productType = "com.apple.product-type.bundle.unit-test";
		};
		00E9B6A41CD1272500F2DE6C /* Silly SongUITests */ = {
			isa = PBXNativeTarget;
			buildConfigurationList = 00E9B6B41CD1272500F2DE6C /* Build configuration list for PBXNativeTarget "Silly SongUITests" */;
			buildPhases = (
				00E9B6A11CD1272500F2DE6C /* Sources */,
				00E9B6A21CD1272500F2DE6C /* Frameworks */,
				00E9B6A31CD1272500F2DE6C /* Resources */,
			);
			buildRules = (
			);
			dependencies = (
				00E9B6A71CD1272500F2DE6C /* PBXTargetDependency */,
			);
			name = "Silly SongUITests";
			productName = "Silly SongUITests";
			productReference = 00E9B6A51CD1272500F2DE6C /* Silly SongUITests.xctest */;
			productType = "com.apple.product-type.bundle.ui-testing";
		};
/* End PBXNativeTarget section */

/* Begin PBXProject section */
		00E9B67E1CD1272500F2DE6C /* Project object */ = {
			isa = PBXProject;
			attributes = {
				LastSwiftUpdateCheck = 0720;
				LastUpgradeCheck = 0720;
				ORGANIZATIONNAME = Udacity;
				TargetAttributes = {
					00E9B6851CD1272500F2DE6C = {
						CreatedOnToolsVersion = 7.2;
					};
					00E9B6991CD1272500F2DE6C = {
						CreatedOnToolsVersion = 7.2;
						TestTargetID = 00E9B6851CD1272500F2DE6C;
					};
					00E9B6A41CD1272500F2DE6C = {
						CreatedOnToolsVersion = 7.2;
						TestTargetID = 00E9B6851CD1272500F2DE6C;
					};
				};
			};
			buildConfigurationList = 00E9B6811CD1272500F2DE6C /* Build configuration list for PBXProject "Silly Song" */;
			compatibilityVersion = "Xcode 3.2";
			developmentRegion = English;
			hasScannedForEncodings = 0;
			knownRegions = (
				en,
				Base,
			);
			mainGroup = 00E9B67D1CD1272500F2DE6C;
			productRefGroup = 00E9B6871CD1272500F2DE6C /* Products */;
			projectDirPath = "";
			projectRoot = "";
			targets = (
				00E9B6851CD1272500F2DE6C /* Silly Song */,
				00E9B6991CD1272500F2DE6C /* Silly SongTests */,
				00E9B6A41CD1272500F2DE6C /* Silly SongUITests */,
			);
		};
/* End PBXProject section */

/* Begin PBXResourcesBuildPhase section */
		00E9B6841CD1272500F2DE6C /* Resources */ = {
			isa = PBXResourcesBuildPhase;
			buildActionMask = 2147483647;
			files = (
				00E9B6941CD1272500F2DE6C /* LaunchScreen.storyboard in Resources */,
				00E9B6911CD1272500F2DE6C /* Assets.xcassets in Resources */,
				00E9B68F1CD1272500F2DE6C /* Main.storyboard in Resources */,
			);
			runOnlyForDeploymentPostprocessing = 0;
		};
		00E9B6981CD1272500F2DE6C /* Resources */ = {
			isa = PBXResourcesBuildPhase;
			buildActionMask = 2147483647;
			files = (
			);
			runOnlyForDeploymentPostprocessing = 0;
		};
		00E9B6A31CD1272500F2DE6C /* Resources */ = {
			isa = PBXResourcesBuildPhase;
			buildActionMask = 2147483647;
			files = (
			);
			runOnlyForDeploymentPostprocessing = 0;
		};
/* End PBXResourcesBuildPhase section */

/* Begin PBXSourcesBuildPhase section */
		00E9B6821CD1272500F2DE6C /* Sources */ = {
			isa = PBXSourcesBuildPhase;
			buildActionMask = 2147483647;
			files = (
				00E9B68C1CD1272500F2DE6C /* ViewController.swift in Sources */,
				00E9B68A1CD1272500F2DE6C /* AppDelegate.swift in Sources */,
			);
			runOnlyForDeploymentPostprocessing = 0;
		};
		00E9B6961CD1272500F2DE6C /* Sources */ = {
			isa = PBXSourcesBuildPhase;
			buildActionMask = 2147483647;
			files = (
				00E9B69F1CD1272500F2DE6C /* Silly_SongTests.swift in Sources */,
			);
			runOnlyForDeploymentPostprocessing = 0;
		};
		00E9B6A11CD1272500F2DE6C /* Sources */ = {
			isa = PBXSourcesBuildPhase;
			buildActionMask = 2147483647;
			files = (
				00E9B6AA1CD1272500F2DE6C /* Silly_SongUITests.swift in Sources */,
			);
			runOnlyForDeploymentPostprocessing = 0;
		};
/* End PBXSourcesBuildPhase section */

/* Begin PBXTargetDependency section */
		00E9B69C1CD1272500F2DE6C /* PBXTargetDependency */ = {
			isa = PBXTargetDependency;
			target = 00E9B6851CD1272500F2DE6C /* Silly Song */;
			targetProxy = 00E9B69B1CD1272500F2DE6C /* PBXContainerItemProxy */;
		};
		00E9B6A71CD1272500F2DE6C /* PBXTargetDependency */ = {
			isa = PBXTargetDependency;
			target = 00E9B6851CD1272500F2DE6C /* Silly Song */;
			targetProxy = 00E9B6A61CD1272500F2DE6C /* PBXContainerItemProxy */;
		};
/* End PBXTargetDependency section */

/* Begin PBXVariantGroup section */
		00E9B68D1CD1272500F2DE6C /* Main.storyboard */ = {
			isa = PBXVariantGroup;
			children = (
				00E9B68E1CD1272500F2DE6C /* Base */,
			);
			name = Main.storyboard;
			sourceTree = "<group>";
		};
		00E9B6921CD1272500F2DE6C /* LaunchScreen.storyboard */ = {
			isa = PBXVariantGroup;
			children = (
				00E9B6931CD1272500F2DE6C /* Base */,
			);
			name = LaunchScreen.storyboard;
			sourceTree = "<group>";
		};
/* End PBXVariantGroup section */

/* Begin XCBuildConfiguration section */
		00E9B6AC1CD1272500F2DE6C /* Debug */ = {
			isa = XCBuildConfiguration;
			buildSettings = {
				ALWAYS_SEARCH_USER_PATHS = NO;
				CLANG_CXX_LANGUAGE_STANDARD = "gnu++0x";
				CLANG_CXX_LIBRARY = "libc++";
				CLANG_ENABLE_MODULES = YES;
				CLANG_ENABLE_OBJC_ARC = YES;
				CLANG_WARN_BOOL_CONVERSION = YES;
				CLANG_WARN_CONSTANT_CONVERSION = YES;
				CLANG_WARN_DIRECT_OBJC_ISA_USAGE = YES_ERROR;
				CLANG_WARN_EMPTY_BODY = YES;
				CLANG_WARN_ENUM_CONVERSION = YES;
				CLANG_WARN_INT_CONVERSION = YES;
				CLANG_WARN_OBJC_ROOT_CLASS = YES_ERROR;
				CLANG_WARN_UNREACHABLE_CODE = YES;
				CLANG_WARN__DUPLICATE_METHOD_MATCH = YES;
				"CODE_SIGN_IDENTITY[sdk=iphoneos*]" = "iPhone Developer";
				COPY_PHASE_STRIP = NO;
				DEBUG_INFORMATION_FORMAT = dwarf;
				ENABLE_STRICT_OBJC_MSGSEND = YES;
				ENABLE_TESTABILITY = YES;
				GCC_C_LANGUAGE_STANDARD = gnu99;
				GCC_DYNAMIC_NO_PIC = NO;
				GCC_NO_COMMON_BLOCKS = YES;
				GCC_OPTIMIZATION_LEVEL = 0;
				GCC_PREPROCESSOR_DEFINITIONS = (
					"DEBUG=1",
					"$(inherited)",
				);
				GCC_WARN_64_TO_32_BIT_CONVERSION = YES;
				GCC_WARN_ABOUT_RETURN_TYPE = YES_ERROR;
				GCC_WARN_UNDECLARED_SELECTOR = YES;
				GCC_WARN_UNINITIALIZED_AUTOS = YES_AGGRESSIVE;
				GCC_WARN_UNUSED_FUNCTION = YES;
				GCC_WARN_UNUSED_VARIABLE = YES;
				IPHONEOS_DEPLOYMENT_TARGET = 9.2;
				MTL_ENABLE_DEBUG_INFO = YES;
				ONLY_ACTIVE_ARCH = YES;
				SDKROOT = iphoneos;
				SWIFT_OPTIMIZATION_LEVEL = "-Onone";
				TARGETED_DEVICE_FAMILY = "1,2";
			};
			name = Debug;
		};
		00E9B6AD1CD1272500F2DE6C /* Release */ = {
			isa = XCBuildConfiguration;
			buildSettings = {
				ALWAYS_SEARCH_USER_PATHS = NO;
				CLANG_CXX_LANGUAGE_STANDARD = "gnu++0x";
				CLANG_CXX_LIBRARY = "libc++";
				CLANG_ENABLE_MODULES = YES;
				CLANG_ENABLE_OBJC_ARC = YES;
				CLANG_WARN_BOOL_CONVERSION = YES;
				CLANG_WARN_CONSTANT_CONVERSION = YES;
				CLANG_WARN_DIRECT_OBJC_ISA_USAGE = YES_ERROR;
				CLANG_WARN_EMPTY_BODY = YES;
				CLANG_WARN_ENUM_CONVERSION = YES;
				CLANG_WARN_INT_CONVERSION = YES;
				CLANG_WARN_OBJC_ROOT_CLASS = YES_ERROR;
				CLANG_WARN_UNREACHABLE_CODE = YES;
				CLANG_WARN__DUPLICATE_METHOD_MATCH = YES;
				"CODE_SIGN_IDENTITY[sdk=iphoneos*]" = "iPhone Developer";
				COPY_PHASE_STRIP = NO;
				DEBUG_INFORMATION_FORMAT = "dwarf-with-dsym";
				ENABLE_NS_ASSERTIONS = NO;
				ENABLE_STRICT_OBJC_MSGSEND = YES;
				GCC_C_LANGUAGE_STANDARD = gnu99;
				GCC_NO_COMMON_BLOCKS = YES;
				GCC_WARN_64_TO_32_BIT_CONVERSION = YES;
				GCC_WARN_ABOUT_RETURN_TYPE = YES_ERROR;
				GCC_WARN_UNDECLARED_SELECTOR = YES;
				GCC_WARN_UNINITIALIZED_AUTOS = YES_AGGRESSIVE;
				GCC_WARN_UNUSED_FUNCTION = YES;
				GCC_WARN_UNUSED_VARIABLE = YES;
				IPHONEOS_DEPLOYMENT_TARGET = 9.2;
				MTL_ENABLE_DEBUG_INFO = NO;
				SDKROOT = iphoneos;
				TARGETED_DEVICE_FAMILY = "1,2";
				VALIDATE_PRODUCT = YES;
			};
			name = Release;
		};
		00E9B6AF1CD1272500F2DE6C /* Debug */ = {
			isa = XCBuildConfiguration;
			buildSettings = {
				ASSETCATALOG_COMPILER_APPICON_NAME = AppIcon;
				INFOPLIST_FILE = "Silly Song/Info.plist";
				LD_RUNPATH_SEARCH_PATHS = "$(inherited) @executable_path/Frameworks";
				PRODUCT_BUNDLE_IDENTIFIER = "Udacity.Silly-Song";
				PRODUCT_NAME = "$(TARGET_NAME)";
			};
			name = Debug;
		};
		00E9B6B01CD1272500F2DE6C /* Release */ = {
			isa = XCBuildConfiguration;
			buildSettings = {
				ASSETCATALOG_COMPILER_APPICON_NAME = AppIcon;
				INFOPLIST_FILE = "Silly Song/Info.plist";
				LD_RUNPATH_SEARCH_PATHS = "$(inherited) @executable_path/Frameworks";
				PRODUCT_BUNDLE_IDENTIFIER = "Udacity.Silly-Song";
				PRODUCT_NAME = "$(TARGET_NAME)";
			};
			name = Release;
		};
		00E9B6B21CD1272500F2DE6C /* Debug */ = {
			isa = XCBuildConfiguration;
			buildSettings = {
				BUNDLE_LOADER = "$(TEST_HOST)";
				INFOPLIST_FILE = "Silly SongTests/Info.plist";
				LD_RUNPATH_SEARCH_PATHS = "$(inherited) @executable_path/Frameworks @loader_path/Frameworks";
				PRODUCT_BUNDLE_IDENTIFIER = "Udacity.Silly-SongTests";
				PRODUCT_NAME = "$(TARGET_NAME)";
				TEST_HOST = "$(BUILT_PRODUCTS_DIR)/Silly Song.app/Silly Song";
			};
			name = Debug;
		};
		00E9B6B31CD1272500F2DE6C /* Release */ = {
			isa = XCBuildConfiguration;
			buildSettings = {
				BUNDLE_LOADER = "$(TEST_HOST)";
				INFOPLIST_FILE = "Silly SongTests/Info.plist";
				LD_RUNPATH_SEARCH_PATHS = "$(inherited) @executable_path/Frameworks @loader_path/Frameworks";
				PRODUCT_BUNDLE_IDENTIFIER = "Udacity.Silly-SongTests";
				PRODUCT_NAME = "$(TARGET_NAME)";
				TEST_HOST = "$(BUILT_PRODUCTS_DIR)/Silly Song.app/Silly Song";
			};
			name = Release;
		};
		00E9B6B51CD1272500F2DE6C /* Debug */ = {
			isa = XCBuildConfiguration;
			buildSettings = {
				INFOPLIST_FILE = "Silly SongUITests/Info.plist";
				LD_RUNPATH_SEARCH_PATHS = "$(inherited) @executable_path/Frameworks @loader_path/Frameworks";
				PRODUCT_BUNDLE_IDENTIFIER = "Udacity.Silly-SongUITests";
				PRODUCT_NAME = "$(TARGET_NAME)";
				TEST_TARGET_NAME = "Silly Song";
				USES_XCTRUNNER = YES;
			};
			name = Debug;
		};
		00E9B6B61CD1272500F2DE6C /* Release */ = {
			isa = XCBuildConfiguration;
			buildSettings = {
				INFOPLIST_FILE = "Silly SongUITests/Info.plist";
				LD_RUNPATH_SEARCH_PATHS = "$(inherited) @executable_path/Frameworks @loader_path/Frameworks";
				PRODUCT_BUNDLE_IDENTIFIER = "Udacity.Silly-SongUITests";
				PRODUCT_NAME = "$(TARGET_NAME)";
				TEST_TARGET_NAME = "Silly Song";
				USES_XCTRUNNER = YES;
			};
			name = Release;
		};
/* End XCBuildConfiguration section */

/* Begin XCConfigurationList section */
		00E9B6811CD1272500F2DE6C /* Build configuration list for PBXProject "Silly Song" */ = {
			isa = XCConfigurationList;
			buildConfigurations = (
				00E9B6AC1CD1272500F2DE6C /* Debug */,
				00E9B6AD1CD1272500F2DE6C /* Release */,
			);
			defaultConfigurationIsVisible = 0;
			defaultConfigurationName = Release;
		};
		00E9B6AE1CD1272500F2DE6C /* Build configuration list for PBXNativeTarget "Silly Song" */ = {
			isa = XCConfigurationList;
			buildConfigurations = (
				00E9B6AF1CD1272500F2DE6C /* Debug */,
				00E9B6B01CD1272500F2DE6C /* Release */,
			);
			defaultConfigurationIsVisible = 0;
		};
		00E9B6B11CD1272500F2DE6C /* Build configuration list for PBXNativeTarget "Silly SongTests" */ = {
			isa = XCConfigurationList;
			buildConfigurations = (
				00E9B6B21CD1272500F2DE6C /* Debug */,
				00E9B6B31CD1272500F2DE6C /* Release */,
			);
			defaultConfigurationIsVisible = 0;
		};
		00E9B6B41CD1272500F2DE6C /* Build configuration list for PBXNativeTarget "Silly SongUITests" */ = {
			isa = XCConfigurationList;
			buildConfigurations = (
				00E9B6B51CD1272500F2DE6C /* Debug */,
				00E9B6B61CD1272500F2DE6C /* Release */,
			);
			defaultConfigurationIsVisible = 0;
		};
/* End XCConfigurationList section */
	};
	rootObject = 00E9B67E1CD1272500F2DE6C /* Project object */;
}
